// !$*UTF8*$!
{
	archiveVersion = 1;
	classes = {
	};
	objectVersion = 55;
	objects = {

/* Begin PBXBuildFile section */
		8E6B188B2785CCA600A90407 /* RemembrallApp.swift in Sources */ = {isa = PBXBuildFile; fileRef = 8E6B188A2785CCA600A90407 /* RemembrallApp.swift */; };
		8E6B188D2785CCA600A90407 /* ContentView.swift in Sources */ = {isa = PBXBuildFile; fileRef = 8E6B188C2785CCA600A90407 /* ContentView.swift */; };
		8E6B188F2785CCA800A90407 /* Assets.xcassets in Resources */ = {isa = PBXBuildFile; fileRef = 8E6B188E2785CCA800A90407 /* Assets.xcassets */; };
		8E6B18922785CCA800A90407 /* Preview Assets.xcassets in Resources */ = {isa = PBXBuildFile; fileRef = 8E6B18912785CCA800A90407 /* Preview Assets.xcassets */; };
		8E6B18992785D11C00A90407 /* ImagePicker.swift in Sources */ = {isa = PBXBuildFile; fileRef = 8E6B18982785D11C00A90407 /* ImagePicker.swift */; };
		8E6B189B2785D66B00A90407 /* SetName.swift in Sources */ = {isa = PBXBuildFile; fileRef = 8E6B189A2785D66B00A90407 /* SetName.swift */; };
		8E6B189D2785E10100A90407 /* Item.swift in Sources */ = {isa = PBXBuildFile; fileRef = 8E6B189C2785E10100A90407 /* Item.swift */; };
		8E6B189F2785E16E00A90407 /* ContentView-ViewModel.swift in Sources */ = {isa = PBXBuildFile; fileRef = 8E6B189E2785E16E00A90407 /* ContentView-ViewModel.swift */; };
		8E6B18A12785E26400A90407 /* FileManager-DocumentsDirectory.swift in Sources */ = {isa = PBXBuildFile; fileRef = 8E6B18A02785E26400A90407 /* FileManager-DocumentsDirectory.swift */; };
		8E6B18A327861A6100A90407 /* DetailView.swift in Sources */ = {isa = PBXBuildFile; fileRef = 8E6B18A227861A6100A90407 /* DetailView.swift */; };
/* End PBXBuildFile section */

/* Begin PBXFileReference section */
		8E6B18872785CCA600A90407 /* Remembrall.app */ = {isa = PBXFileReference; explicitFileType = wrapper.application; includeInIndex = 0; path = Remembrall.app; sourceTree = BUILT_PRODUCTS_DIR; };
		8E6B188A2785CCA600A90407 /* RemembrallApp.swift */ = {isa = PBXFileReference; lastKnownFileType = sourcecode.swift; path = RemembrallApp.swift; sourceTree = "<group>"; };
		8E6B188C2785CCA600A90407 /* ContentView.swift */ = {isa = PBXFileReference; lastKnownFileType = sourcecode.swift; path = ContentView.swift; sourceTree = "<group>"; };
		8E6B188E2785CCA800A90407 /* Assets.xcassets */ = {isa = PBXFileReference; lastKnownFileType = folder.assetcatalog; path = Assets.xcassets; sourceTree = "<group>"; };
		8E6B18912785CCA800A90407 /* Preview Assets.xcassets */ = {isa = PBXFileReference; lastKnownFileType = folder.assetcatalog; path = "Preview Assets.xcassets"; sourceTree = "<group>"; };
		8E6B18982785D11C00A90407 /* ImagePicker.swift */ = {isa = PBXFileReference; lastKnownFileType = sourcecode.swift; path = ImagePicker.swift; sourceTree = "<group>"; };
		8E6B189A2785D66B00A90407 /* SetName.swift */ = {isa = PBXFileReference; lastKnownFileType = sourcecode.swift; path = SetName.swift; sourceTree = "<group>"; };
		8E6B189C2785E10100A90407 /* Item.swift */ = {isa = PBXFileReference; lastKnownFileType = sourcecode.swift; path = Item.swift; sourceTree = "<group>"; };
		8E6B189E2785E16E00A90407 /* ContentView-ViewModel.swift */ = {isa = PBXFileReference; lastKnownFileType = sourcecode.swift; path = "ContentView-ViewModel.swift"; sourceTree = "<group>"; };
		8E6B18A02785E26400A90407 /* FileManager-DocumentsDirectory.swift */ = {isa = PBXFileReference; lastKnownFileType = sourcecode.swift; path = "FileManager-DocumentsDirectory.swift"; sourceTree = "<group>"; };
		8E6B18A227861A6100A90407 /* DetailView.swift */ = {isa = PBXFileReference; lastKnownFileType = sourcecode.swift; path = DetailView.swift; sourceTree = "<group>"; };
/* End PBXFileReference section */

/* Begin PBXFrameworksBuildPhase section */
		8E6B18842785CCA600A90407 /* Frameworks */ = {
			isa = PBXFrameworksBuildPhase;
			buildActionMask = 2147483647;
			files = (
			);
			runOnlyForDeploymentPostprocessing = 0;
		};
/* End PBXFrameworksBuildPhase section */

/* Begin PBXGroup section */
		8E6B187E2785CCA600A90407 = {
			isa = PBXGroup;
			children = (
				8E6B18892785CCA600A90407 /* Remembrall */,
				8E6B18882785CCA600A90407 /* Products */,
			);
			sourceTree = "<group>";
		};
		8E6B18882785CCA600A90407 /* Products */ = {
			isa = PBXGroup;
			children = (
				8E6B18872785CCA600A90407 /* Remembrall.app */,
			);
			name = Products;
			sourceTree = "<group>";
		};
		8E6B18892785CCA600A90407 /* Remembrall */ = {
			isa = PBXGroup;
			children = (
				8E6B188A2785CCA600A90407 /* RemembrallApp.swift */,
				8E6B18A02785E26400A90407 /* FileManager-DocumentsDirectory.swift */,
				8E6B188C2785CCA600A90407 /* ContentView.swift */,
				8E6B18A227861A6100A90407 /* DetailView.swift */,
				8E6B189E2785E16E00A90407 /* ContentView-ViewModel.swift */,
				8E6B18982785D11C00A90407 /* ImagePicker.swift */,
				8E6B189A2785D66B00A90407 /* SetName.swift */,
				8E6B189C2785E10100A90407 /* Item.swift */,
				8E6B188E2785CCA800A90407 /* Assets.xcassets */,
				8E6B18902785CCA800A90407 /* Preview Content */,
			);
			path = Remembrall;
			sourceTree = "<group>";
		};
		8E6B18902785CCA800A90407 /* Preview Content */ = {
			isa = PBXGroup;
			children = (
				8E6B18912785CCA800A90407 /* Preview Assets.xcassets */,
			);
			path = "Preview Content";
			sourceTree = "<group>";
		};
/* End PBXGroup section */

/* Begin PBXNativeTarget section */
		8E6B18862785CCA600A90407 /* Remembrall */ = {
			isa = PBXNativeTarget;
			buildConfigurationList = 8E6B18952785CCA800A90407 /* Build configuration list for PBXNativeTarget "Remembrall" */;
			buildPhases = (
				8E6B18832785CCA600A90407 /* Sources */,
				8E6B18842785CCA600A90407 /* Frameworks */,
				8E6B18852785CCA600A90407 /* Resources */,
			);
			buildRules = (
			);
			dependencies = (
			);
			name = Remembrall;
			productName = Remembrall;
			productReference = 8E6B18872785CCA600A90407 /* Remembrall.app */;
			productType = "com.apple.product-type.application";
		};
/* End PBXNativeTarget section */

/* Begin PBXProject section */
		8E6B187F2785CCA600A90407 /* Project object */ = {
			isa = PBXProject;
			attributes = {
				BuildIndependentTargetsInParallel = 1;
				LastSwiftUpdateCheck = 1320;
				LastUpgradeCheck = 1320;
				TargetAttributes = {
					8E6B18862785CCA600A90407 = {
						CreatedOnToolsVersion = 13.2.1;
					};
				};
			};
			buildConfigurationList = 8E6B18822785CCA600A90407 /* Build configuration list for PBXProject "Remembrall" */;
			compatibilityVersion = "Xcode 13.0";
			developmentRegion = en;
			hasScannedForEncodings = 0;
			knownRegions = (
				en,
				Base,
			);
			mainGroup = 8E6B187E2785CCA600A90407;
			productRefGroup = 8E6B18882785CCA600A90407 /* Products */;
			projectDirPath = "";
			projectRoot = "";
			targets = (
				8E6B18862785CCA600A90407 /* Remembrall */,
			);
		};
/* End PBXProject section */

/* Begin PBXResourcesBuildPhase section */
		8E6B18852785CCA600A90407 /* Resources */ = {
			isa = PBXResourcesBuildPhase;
			buildActionMask = 2147483647;
			files = (
				8E6B18922785CCA800A90407 /* Preview Assets.xcassets in Resources */,
				8E6B188F2785CCA800A90407 /* Assets.xcassets in Resources */,
			);
			runOnlyForDeploymentPostprocessing = 0;
		};
/* End PBXResourcesBuildPhase section */

/* Begin PBXSourcesBuildPhase section */
		8E6B18832785CCA600A90407 /* Sources */ = {
			isa = PBXSourcesBuildPhase;
			buildActionMask = 2147483647;
			files = (
				8E6B189D2785E10100A90407 /* Item.swift in Sources */,
				8E6B18A327861A6100A90407 /* DetailView.swift in Sources */,
				8E6B18A12785E26400A90407 /* FileManager-DocumentsDirectory.swift in Sources */,
				8E6B189F2785E16E00A90407 /* ContentView-ViewModel.swift in Sources */,
				8E6B18992785D11C00A90407 /* ImagePicker.swift in Sources */,
				8E6B188D2785CCA600A90407 /* ContentView.swift in Sources */,
				8E6B189B2785D66B00A90407 /* SetName.swift in Sources */,
				8E6B188B2785CCA600A90407 /* RemembrallApp.swift in Sources */,
			);
			runOnlyForDeploymentPostprocessing = 0;
		};
/* End PBXSourcesBuildPhase section */

/* Begin XCBuildConfiguration section */
		8E6B18932785CCA800A90407 /* Debug */ = {
			isa = XCBuildConfiguration;
			buildSettings = {
				ALWAYS_SEARCH_USER_PATHS = NO;
				CLANG_ANALYZER_NONNULL = YES;
				CLANG_ANALYZER_NUMBER_OBJECT_CONVERSION = YES_AGGRESSIVE;
				CLANG_CXX_LANGUAGE_STANDARD = "gnu++17";
				CLANG_CXX_LIBRARY = "libc++";
				CLANG_ENABLE_MODULES = YES;
				CLANG_ENABLE_OBJC_ARC = YES;
				CLANG_ENABLE_OBJC_WEAK = YES;
				CLANG_WARN_BLOCK_CAPTURE_AUTORELEASING = YES;
				CLANG_WARN_BOOL_CONVERSION = YES;
				CLANG_WARN_COMMA = YES;
				CLANG_WARN_CONSTANT_CONVERSION = YES;
				CLANG_WARN_DEPRECATED_OBJC_IMPLEMENTATIONS = YES;
				CLANG_WARN_DIRECT_OBJC_ISA_USAGE = YES_ERROR;
				CLANG_WARN_DOCUMENTATION_COMMENTS = YES;
				CLANG_WARN_EMPTY_BODY = YES;
				CLANG_WARN_ENUM_CONVERSION = YES;
				CLANG_WARN_INFINITE_RECURSION = YES;
				CLANG_WARN_INT_CONVERSION = YES;
				CLANG_WARN_NON_LITERAL_NULL_CONVERSION = YES;
				CLANG_WARN_OBJC_IMPLICIT_RETAIN_SELF = YES;
				CLANG_WARN_OBJC_LITERAL_CONVERSION = YES;
				CLANG_WARN_OBJC_ROOT_CLASS = YES_ERROR;
				CLANG_WARN_QUOTED_INCLUDE_IN_FRAMEWORK_HEADER = YES;
				CLANG_WARN_RANGE_LOOP_ANALYSIS = YES;
				CLANG_WARN_STRICT_PROTOTYPES = YES;
				CLANG_WARN_SUSPICIOUS_MOVE = YES;
				CLANG_WARN_UNGUARDED_AVAILABILITY = YES_AGGRESSIVE;
				CLANG_WARN_UNREACHABLE_CODE = YES;
				CLANG_WARN__DUPLICATE_METHOD_MATCH = YES;
				COPY_PHASE_STRIP = NO;
				DEBUG_INFORMATION_FORMAT = dwarf;
				ENABLE_STRICT_OBJC_MSGSEND = YES;
				ENABLE_TESTABILITY = YES;
				GCC_C_LANGUAGE_STANDARD = gnu11;
				GCC_DYNAMIC_NO_PIC = NO;
				GCC_NO_COMMON_BLOCKS = YES;
				GCC_OPTIMIZATION_LEVEL = 0;
				GCC_PREPROCESSOR_DEFINITIONS = (
					"DEBUG=1",
					"$(inherited)",
				);
				GCC_WARN_64_TO_32_BIT_CONVERSION = YES;
				GCC_WARN_ABOUT_RETURN_TYPE = YES_ERROR;
				GCC_WARN_UNDECLARED_SELECTOR = YES;
				GCC_WARN_UNINITIALIZED_AUTOS = YES_AGGRESSIVE;
				GCC_WARN_UNUSED_FUNCTION = YES;
				GCC_WARN_UNUSED_VARIABLE = YES;
				IPHONEOS_DEPLOYMENT_TARGET = 15.2;
				MTL_ENABLE_DEBUG_INFO = INCLUDE_SOURCE;
				MTL_FAST_MATH = YES;
				ONLY_ACTIVE_ARCH = YES;
				SDKROOT = iphoneos;
				SWIFT_ACTIVE_COMPILATION_CONDITIONS = DEBUG;
				SWIFT_OPTIMIZATION_LEVEL = "-Onone";
			};
			name = Debug;
		};
		8E6B18942785CCA800A90407 /* Release */ = {
			isa = XCBuildConfiguration;
			buildSettings = {
				ALWAYS_SEARCH_USER_PATHS = NO;
				CLANG_ANALYZER_NONNULL = YES;
				CLANG_ANALYZER_NUMBER_OBJECT_CONVERSION = YES_AGGRESSIVE;
				CLANG_CXX_LANGUAGE_STANDARD = "gnu++17";
				CLANG_CXX_LIBRARY = "libc++";
				CLANG_ENABLE_MODULES = YES;
				CLANG_ENABLE_OBJC_ARC = YES;
				CLANG_ENABLE_OBJC_WEAK = YES;
				CLANG_WARN_BLOCK_CAPTURE_AUTORELEASING = YES;
				CLANG_WARN_BOOL_CONVERSION = YES;
				CLANG_WARN_COMMA = YES;
				CLANG_WARN_CONSTANT_CONVERSION = YES;
				CLANG_WARN_DEPRECATED_OBJC_IMPLEMENTATIONS = YES;
				CLANG_WARN_DIRECT_OBJC_ISA_USAGE = YES_ERROR;
				CLANG_WARN_DOCUMENTATION_COMMENTS = YES;
				CLANG_WARN_EMPTY_BODY = YES;
				CLANG_WARN_ENUM_CONVERSION = YES;
				CLANG_WARN_INFINITE_RECURSION = YES;
				CLANG_WARN_INT_CONVERSION = YES;
				CLANG_WARN_NON_LITERAL_NULL_CONVERSION = YES;
				CLANG_WARN_OBJC_IMPLICIT_RETAIN_SELF = YES;
				CLANG_WARN_OBJC_LITERAL_CONVERSION = YES;
				CLANG_WARN_OBJC_ROOT_CLASS = YES_ERROR;
				CLANG_WARN_QUOTED_INCLUDE_IN_FRAMEWORK_HEADER = YES;
				CLANG_WARN_RANGE_LOOP_ANALYSIS = YES;
				CLANG_WARN_STRICT_PROTOTYPES = YES;
				CLANG_WARN_SUSPICIOUS_MOVE = YES;
				CLANG_WARN_UNGUARDED_AVAILABILITY = YES_AGGRESSIVE;
				CLANG_WARN_UNREACHABLE_CODE = YES;
				CLANG_WARN__DUPLICATE_METHOD_MATCH = YES;
				COPY_PHASE_STRIP = NO;
				DEBUG_INFORMATION_FORMAT = "dwarf-with-dsym";
				ENABLE_NS_ASSERTIONS = NO;
				ENABLE_STRICT_OBJC_MSGSEND = YES;
				GCC_C_LANGUAGE_STANDARD = gnu11;
				GCC_NO_COMMON_BLOCKS = YES;
				GCC_WARN_64_TO_32_BIT_CONVERSION = YES;
				GCC_WARN_ABOUT_RETURN_TYPE = YES_ERROR;
				GCC_WARN_UNDECLARED_SELECTOR = YES;
				GCC_WARN_UNINITIALIZED_AUTOS = YES_AGGRESSIVE;
				GCC_WARN_UNUSED_FUNCTION = YES;
				GCC_WARN_UNUSED_VARIABLE = YES;
				IPHONEOS_DEPLOYMENT_TARGET = 15.2;
				MTL_ENABLE_DEBUG_INFO = NO;
				MTL_FAST_MATH = YES;
				SDKROOT = iphoneos;
				SWIFT_COMPILATION_MODE = wholemodule;
				SWIFT_OPTIMIZATION_LEVEL = "-O";
				VALIDATE_PRODUCT = YES;
			};
			name = Release;
		};
		8E6B18962785CCA800A90407 /* Debug */ = {
			isa = XCBuildConfiguration;
			buildSettings = {
				ASSETCATALOG_COMPILER_APPICON_NAME = AppIcon;
				ASSETCATALOG_COMPILER_GLOBAL_ACCENT_COLOR_NAME = AccentColor;
				CODE_SIGN_STYLE = Automatic;
				CURRENT_PROJECT_VERSION = 1;
				DEVELOPMENT_ASSET_PATHS = "\"Remembrall/Preview Content\"";
				DEVELOPMENT_TEAM = 88Y7M6W27V;
				ENABLE_PREVIEWS = YES;
				GENERATE_INFOPLIST_FILE = YES;
				INFOPLIST_KEY_UIApplicationSceneManifest_Generation = YES;
				INFOPLIST_KEY_UIApplicationSupportsIndirectInputEvents = YES;
				INFOPLIST_KEY_UILaunchScreen_Generation = YES;
				INFOPLIST_KEY_UISupportedInterfaceOrientations_iPad = "UIInterfaceOrientationPortrait UIInterfaceOrientationPortraitUpsideDown UIInterfaceOrientationLandscapeLeft UIInterfaceOrientationLandscapeRight";
				INFOPLIST_KEY_UISupportedInterfaceOrientations_iPhone = "UIInterfaceOrientationPortrait UIInterfaceOrientationLandscapeLeft UIInterfaceOrientationLandscapeRight";
				LD_RUNPATH_SEARCH_PATHS = (
					"$(inherited)",
					"@executable_path/Frameworks",
				);
				MARKETING_VERSION = 1.0;
				PRODUCT_BUNDLE_IDENTIFIER = me.d12n.Remembrall;
				PRODUCT_NAME = "$(TARGET_NAME)";
				SWIFT_EMIT_LOC_STRINGS = YES;
				SWIFT_VERSION = 5.0;
				TARGETED_DEVICE_FAMILY = "1,2";
			};
			name = Debug;
		};
		8E6B18972785CCA800A90407 /* Release */ = {
			isa = XCBuildConfiguration;
			buildSettings = {
				ASSETCATALOG_COMPILER_APPICON_NAME = AppIcon;
				ASSETCATALOG_COMPILER_GLOBAL_ACCENT_COLOR_NAME = AccentColor;
				CODE_SIGN_STYLE = Automatic;
				CURRENT_PROJECT_VERSION = 1;
				DEVELOPMENT_ASSET_PATHS = "\"Remembrall/Preview Content\"";
				DEVELOPMENT_TEAM = 88Y7M6W27V;
				ENABLE_PREVIEWS = YES;
				GENERATE_INFOPLIST_FILE = YES;
				INFOPLIST_KEY_UIApplicationSceneManifest_Generation = YES;
				INFOPLIST_KEY_UIApplicationSupportsIndirectInputEvents = YES;
				INFOPLIST_KEY_UILaunchScreen_Generation = YES;
				INFOPLIST_KEY_UISupportedInterfaceOrientations_iPad = "UIInterfaceOrientationPortrait UIInterfaceOrientationPortraitUpsideDown UIInterfaceOrientationLandscapeLeft UIInterfaceOrientationLandscapeRight";
				INFOPLIST_KEY_UISupportedInterfaceOrientations_iPhone = "UIInterfaceOrientationPortrait UIInterfaceOrientationLandscapeLeft UIInterfaceOrientationLandscapeRight";
				LD_RUNPATH_SEARCH_PATHS = (
					"$(inherited)",
					"@executable_path/Frameworks",
				);
				MARKETING_VERSION = 1.0;
				PRODUCT_BUNDLE_IDENTIFIER = me.d12n.Remembrall;
				PRODUCT_NAME = "$(TARGET_NAME)";
				SWIFT_EMIT_LOC_STRINGS = YES;
				SWIFT_VERSION = 5.0;
				TARGETED_DEVICE_FAMILY = "1,2";
			};
			name = Release;
		};
/* End XCBuildConfiguration section */

/* Begin XCConfigurationList section */
		8E6B18822785CCA600A90407 /* Build configuration list for PBXProject "Remembrall" */ = {
			isa = XCConfigurationList;
			buildConfigurations = (
				8E6B18932785CCA800A90407 /* Debug */,
				8E6B18942785CCA800A90407 /* Release */,
			);
			defaultConfigurationIsVisible = 0;
			defaultConfigurationName = Release;
		};
		8E6B18952785CCA800A90407 /* Build configuration list for PBXNativeTarget "Remembrall" */ = {
			isa = XCConfigurationList;
			buildConfigurations = (
				8E6B18962785CCA800A90407 /* Debug */,
				8E6B18972785CCA800A90407 /* Release */,
			);
			defaultConfigurationIsVisible = 0;
			defaultConfigurationName = Release;
		};
/* End XCConfigurationList section */
	};
	rootObject = 8E6B187F2785CCA600A90407 /* Project object */;
}
